{
  "name": "address-lookup",
  "lockfileVersion": 3,
  "requires": true,
  "packages": {
    "": {
      "devDependencies": {
        "@cloudflare/workers-types": "^4.20250913.0"
      }
    },
    "node_modules/@cloudflare/workers-types": {
      "version": "4.20250913.0",
      "resolved": "https://registry.npmjs.org/@cloudflare/workers-types/-/workers-types-4.20250913.0.tgz",
      "integrity": "sha512-JjrYEvRn7cyALxwoFTw3XChaQneHSJOXqz2t5iKEpNzAnC2iPQU75rtTK/gw03Jjy4SHY5aEBh/uqQePtonZlA==",
      "dev": true,
      "license": "MIT OR Apache-2.0"
    }
  }
}
